
Microsoft Visual Studio Solution File, Format Version 11.00
# Visual Studio 2010
Project("{FAE04EC0-301F-11D3-BF4B-00C04F79EFBC}") = "Assembly-CSharp", "Assembly-CSharp.csproj", "{4f71ddca-c754-105e-f371-11f047f6b0d7}"
EndProject
Project("{FAE04EC0-301F-11D3-BF4B-00C04F79EFBC}") = "Assembly-CSharp-firstpass", "Assembly-CSharp-firstpass.csproj", "{0faaa749-1f81-967c-d74e-5c8430476665}"
EndProject
Project("{FAE04EC0-301F-11D3-BF4B-00C04F79EFBC}") = "Opsive.UltimateInventorySystem.Demo", "Opsive.UltimateInventorySystem.Demo.csproj", "{cfb387c3-f5a3-52b4-af27-decc9fdeba01}"
EndProject
Project("{FAE04EC0-301F-11D3-BF4B-00C04F79EFBC}") = "Opsive.UltimateInventorySystem", "Opsive.UltimateInventorySystem.csproj", "{376e229a-0ed7-d51c-c25e-c2de8b801b26}"
EndProject
Project("{FAE04EC0-301F-11D3-BF4B-00C04F79EFBC}") = "Opsive.Shared", "Opsive.Shared.csproj", "{9f11c212-78b9-7541-724f-e72d41409f41}"
EndProject
Project("{FAE04EC0-301F-11D3-BF4B-00C04F79EFBC}") = "Opsive.UltimateInventorySystem.Editor", "Opsive.UltimateInventorySystem.Editor.csproj", "{ec3359c5-cffd-b837-4aca-e5c139066da5}"
EndProject
Project("{FAE04EC0-301F-11D3-BF4B-00C04F79EFBC}") = "Opsive.Shared.Editor", "Opsive.Shared.Editor.csproj", "{d3a742ba-dc5d-4e29-7127-f7289d3ab3f8}"
EndProject
Global
	GlobalSection(SolutionConfigurationPlatforms) = preSolution
		Debug|Any CPU = Debug|Any CPU
	EndGlobalSection
	GlobalSection(ProjectConfigurationPlatforms) = postSolution
		{4f71ddca-c754-105e-f371-11f047f6b0d7}.Debug|Any CPU.ActiveCfg = Debug|Any CPU
		{4f71ddca-c754-105e-f371-11f047f6b0d7}.Debug|Any CPU.Build.0 = Debug|Any CPU
		{0faaa749-1f81-967c-d74e-5c8430476665}.Debug|Any CPU.ActiveCfg = Debug|Any CPU
		{0faaa749-1f81-967c-d74e-5c8430476665}.Debug|Any CPU.Build.0 = Debug|Any CPU
		{cfb387c3-f5a3-52b4-af27-decc9fdeba01}.Debug|Any CPU.ActiveCfg = Debug|Any CPU
		{cfb387c3-f5a3-52b4-af27-decc9fdeba01}.Debug|Any CPU.Build.0 = Debug|Any CPU
		{376e229a-0ed7-d51c-c25e-c2de8b801b26}.Debug|Any CPU.ActiveCfg = Debug|Any CPU
		{376e229a-0ed7-d51c-c25e-c2de8b801b26}.Debug|Any CPU.Build.0 = Debug|Any CPU
		{9f11c212-78b9-7541-724f-e72d41409f41}.Debug|Any CPU.ActiveCfg = Debug|Any CPU
		{9f11c212-78b9-7541-724f-e72d41409f41}.Debug|Any CPU.Build.0 = Debug|Any CPU
		{ec3359c5-cffd-b837-4aca-e5c139066da5}.Debug|Any CPU.ActiveCfg = Debug|Any CPU
		{ec3359c5-cffd-b837-4aca-e5c139066da5}.Debug|Any CPU.Build.0 = Debug|Any CPU
		{d3a742ba-dc5d-4e29-7127-f7289d3ab3f8}.Debug|Any CPU.ActiveCfg = Debug|Any CPU
		{d3a742ba-dc5d-4e29-7127-f7289d3ab3f8}.Debug|Any CPU.Build.0 = Debug|Any CPU
	EndGlobalSection
	GlobalSection(SolutionProperties) = preSolution
		HideSolutionNode = FALSE
	EndGlobalSection
EndGlobal
